// !$*UTF8*$!
{
	archiveVersion = 1;
	classes = {
	};
	objectVersion = 50;
	objects = {

/* Begin PBXBuildFile section */
		5BC715A6868488E8308A2F5A /* Pods_BranchAWS.framework in Frameworks */ = {isa = PBXBuildFile; fileRef = 45ECA2E48D0A65D237766119 /* Pods_BranchAWS.framework */; };
		5E76F88B231B96FA00C9F6AA /* AppDelegate.swift in Sources */ = {isa = PBXBuildFile; fileRef = 5E76F88A231B96FA00C9F6AA /* AppDelegate.swift */; };
		5E76F88D231B96FA00C9F6AA /* ViewController.swift in Sources */ = {isa = PBXBuildFile; fileRef = 5E76F88C231B96FA00C9F6AA /* ViewController.swift */; };
		5E76F890231B96FA00C9F6AA /* Main.storyboard in Resources */ = {isa = PBXBuildFile; fileRef = 5E76F88E231B96FA00C9F6AA /* Main.storyboard */; };
		5E76F892231B96FA00C9F6AA /* Assets.xcassets in Resources */ = {isa = PBXBuildFile; fileRef = 5E76F891231B96FA00C9F6AA /* Assets.xcassets */; };
		5E76F895231B96FA00C9F6AA /* LaunchScreen.storyboard in Resources */ = {isa = PBXBuildFile; fileRef = 5E76F893231B96FA00C9F6AA /* LaunchScreen.storyboard */; };
/* End PBXBuildFile section */

/* Begin PBXFileReference section */
		45ECA2E48D0A65D237766119 /* Pods_BranchAWS.framework */ = {isa = PBXFileReference; explicitFileType = wrapper.framework; includeInIndex = 0; path = Pods_BranchAWS.framework; sourceTree = BUILT_PRODUCTS_DIR; };
		5E76F887231B96FA00C9F6AA /* BranchAWS.app */ = {isa = PBXFileReference; explicitFileType = wrapper.application; includeInIndex = 0; path = BranchAWS.app; sourceTree = BUILT_PRODUCTS_DIR; };
		5E76F88A231B96FA00C9F6AA /* AppDelegate.swift */ = {isa = PBXFileReference; lastKnownFileType = sourcecode.swift; path = AppDelegate.swift; sourceTree = "<group>"; };
		5E76F88C231B96FA00C9F6AA /* ViewController.swift */ = {isa = PBXFileReference; lastKnownFileType = sourcecode.swift; path = ViewController.swift; sourceTree = "<group>"; };
		5E76F88F231B96FA00C9F6AA /* Base */ = {isa = PBXFileReference; lastKnownFileType = file.storyboard; name = Base; path = Base.lproj/Main.storyboard; sourceTree = "<group>"; };
		5E76F891231B96FA00C9F6AA /* Assets.xcassets */ = {isa = PBXFileReference; lastKnownFileType = folder.assetcatalog; path = Assets.xcassets; sourceTree = "<group>"; };
		5E76F894231B96FA00C9F6AA /* Base */ = {isa = PBXFileReference; lastKnownFileType = file.storyboard; name = Base; path = Base.lproj/LaunchScreen.storyboard; sourceTree = "<group>"; };
		5E76F896231B96FA00C9F6AA /* Info.plist */ = {isa = PBXFileReference; lastKnownFileType = text.plist.xml; path = Info.plist; sourceTree = "<group>"; };
		C1315AEB48A29B80330A38E0 /* Pods-BranchAWS.release.xcconfig */ = {isa = PBXFileReference; includeInIndex = 1; lastKnownFileType = text.xcconfig; name = "Pods-BranchAWS.release.xcconfig"; path = "Target Support Files/Pods-BranchAWS/Pods-BranchAWS.release.xcconfig"; sourceTree = "<group>"; };
		E40255398FFEDA73F8CF018E /* Pods-BranchAWS.debug.xcconfig */ = {isa = PBXFileReference; includeInIndex = 1; lastKnownFileType = text.xcconfig; name = "Pods-BranchAWS.debug.xcconfig"; path = "Target Support Files/Pods-BranchAWS/Pods-BranchAWS.debug.xcconfig"; sourceTree = "<group>"; };
/* End PBXFileReference section */

/* Begin PBXFrameworksBuildPhase section */
		5E76F884231B96FA00C9F6AA /* Frameworks */ = {
			isa = PBXFrameworksBuildPhase;
			buildActionMask = 2147483647;
			files = (
				5BC715A6868488E8308A2F5A /* Pods_BranchAWS.framework in Frameworks */,
			);
			runOnlyForDeploymentPostprocessing = 0;
		};
/* End PBXFrameworksBuildPhase section */

/* Begin PBXGroup section */
		1282D44429C7C1FAFBEF9B4D /* Pods */ = {
			isa = PBXGroup;
			children = (
				E40255398FFEDA73F8CF018E /* Pods-BranchAWS.debug.xcconfig */,
				C1315AEB48A29B80330A38E0 /* Pods-BranchAWS.release.xcconfig */,
			);
			name = Pods;
			path = Pods;
			sourceTree = "<group>";
		};
		5E76F87E231B96FA00C9F6AA = {
			isa = PBXGroup;
			children = (
				5E76F889231B96FA00C9F6AA /* BranchAWS */,
				5E76F888231B96FA00C9F6AA /* Products */,
				1282D44429C7C1FAFBEF9B4D /* Pods */,
				B54EA1262D80F9CA4234101D /* Frameworks */,
			);
			sourceTree = "<group>";
		};
		5E76F888231B96FA00C9F6AA /* Products */ = {
			isa = PBXGroup;
			children = (
				5E76F887231B96FA00C9F6AA /* BranchAWS.app */,
			);
			name = Products;
			sourceTree = "<group>";
		};
		5E76F889231B96FA00C9F6AA /* BranchAWS */ = {
			isa = PBXGroup;
			children = (
				5E76F88A231B96FA00C9F6AA /* AppDelegate.swift */,
				5E76F88C231B96FA00C9F6AA /* ViewController.swift */,
				5E76F88E231B96FA00C9F6AA /* Main.storyboard */,
				5E76F891231B96FA00C9F6AA /* Assets.xcassets */,
				5E76F893231B96FA00C9F6AA /* LaunchScreen.storyboard */,
				5E76F896231B96FA00C9F6AA /* Info.plist */,
			);
			path = BranchAWS;
			sourceTree = "<group>";
		};
		B54EA1262D80F9CA4234101D /* Frameworks */ = {
			isa = PBXGroup;
			children = (
				45ECA2E48D0A65D237766119 /* Pods_BranchAWS.framework */,
			);
			name = Frameworks;
			sourceTree = "<group>";
		};
/* End PBXGroup section */

/* Begin PBXNativeTarget section */
		5E76F886231B96FA00C9F6AA /* BranchAWS */ = {
			isa = PBXNativeTarget;
			buildConfigurationList = 5E76F899231B96FA00C9F6AA /* Build configuration list for PBXNativeTarget "BranchAWS" */;
			buildPhases = (
				9F7AAE77CBFB0748B9829B93 /* [CP] Check Pods Manifest.lock */,
				5E76F883231B96FA00C9F6AA /* Sources */,
				5E76F884231B96FA00C9F6AA /* Frameworks */,
				5E76F885231B96FA00C9F6AA /* Resources */,
				7C331A028353B7495100EE21 /* [CP] Embed Pods Frameworks */,
			);
			buildRules = (
			);
			dependencies = (
			);
			name = BranchAWS;
			productName = BranchAWS;
			productReference = 5E76F887231B96FA00C9F6AA /* BranchAWS.app */;
			productType = "com.apple.product-type.application";
		};
/* End PBXNativeTarget section */

/* Begin PBXProject section */
		5E76F87F231B96FA00C9F6AA /* Project object */ = {
			isa = PBXProject;
			attributes = {
				LastSwiftUpdateCheck = 1010;
				LastUpgradeCheck = 1010;
				ORGANIZATIONNAME = "Rotem Slootzky";
				TargetAttributes = {
					5E76F886231B96FA00C9F6AA = {
						CreatedOnToolsVersion = 10.1;
					};
				};
			};
			buildConfigurationList = 5E76F882231B96FA00C9F6AA /* Build configuration list for PBXProject "BranchAWS" */;
			compatibilityVersion = "Xcode 9.3";
			developmentRegion = en;
			hasScannedForEncodings = 0;
			knownRegions = (
				en,
				Base,
			);
			mainGroup = 5E76F87E231B96FA00C9F6AA;
			productRefGroup = 5E76F888231B96FA00C9F6AA /* Products */;
			projectDirPath = "";
			projectRoot = "";
			targets = (
				5E76F886231B96FA00C9F6AA /* BranchAWS */,
			);
		};
/* End PBXProject section */

/* Begin PBXResourcesBuildPhase section */
		5E76F885231B96FA00C9F6AA /* Resources */ = {
			isa = PBXResourcesBuildPhase;
			buildActionMask = 2147483647;
			files = (
				5E76F895231B96FA00C9F6AA /* LaunchScreen.storyboard in Resources */,
				5E76F892231B96FA00C9F6AA /* Assets.xcassets in Resources */,
				5E76F890231B96FA00C9F6AA /* Main.storyboard in Resources */,
			);
			runOnlyForDeploymentPostprocessing = 0;
		};
/* End PBXResourcesBuildPhase section */

/* Begin PBXShellScriptBuildPhase section */
		7C331A028353B7495100EE21 /* [CP] Embed Pods Frameworks */ = {
			isa = PBXShellScriptBuildPhase;
			buildActionMask = 2147483647;
			files = (
			);
			inputFileListPaths = (
				"${PODS_ROOT}/Target Support Files/Pods-BranchAWS/Pods-BranchAWS-frameworks-${CONFIGURATION}-input-files.xcfilelist",
			);
			name = "[CP] Embed Pods Frameworks";
			outputFileListPaths = (
				"${PODS_ROOT}/Target Support Files/Pods-BranchAWS/Pods-BranchAWS-frameworks-${CONFIGURATION}-output-files.xcfilelist",
			);
			runOnlyForDeploymentPostprocessing = 0;
			shellPath = /bin/sh;
			shellScript = "\"${PODS_ROOT}/Target Support Files/Pods-BranchAWS/Pods-BranchAWS-frameworks.sh\"\n";
			showEnvVarsInLog = 0;
		};
		9F7AAE77CBFB0748B9829B93 /* [CP] Check Pods Manifest.lock */ = {
			isa = PBXShellScriptBuildPhase;
			buildActionMask = 2147483647;
			files = (
			);
			inputFileListPaths = (
			);
			inputPaths = (
				"${PODS_PODFILE_DIR_PATH}/Podfile.lock",
				"${PODS_ROOT}/Manifest.lock",
			);
			name = "[CP] Check Pods Manifest.lock";
			outputFileListPaths = (
			);
			outputPaths = (
				"$(DERIVED_FILE_DIR)/Pods-BranchAWS-checkManifestLockResult.txt",
			);
			runOnlyForDeploymentPostprocessing = 0;
			shellPath = /bin/sh;
			shellScript = "diff \"${PODS_PODFILE_DIR_PATH}/Podfile.lock\" \"${PODS_ROOT}/Manifest.lock\" > /dev/null\nif [ $? != 0 ] ; then\n    # print error to STDERR\n    echo \"error: The sandbox is not in sync with the Podfile.lock. Run 'pod install' or update your CocoaPods installation.\" >&2\n    exit 1\nfi\n# This output is used by Xcode 'outputs' to avoid re-running this script phase.\necho \"SUCCESS\" > \"${SCRIPT_OUTPUT_FILE_0}\"\n";
			showEnvVarsInLog = 0;
		};
/* End PBXShellScriptBuildPhase section */

/* Begin PBXSourcesBuildPhase section */
		5E76F883231B96FA00C9F6AA /* Sources */ = {
			isa = PBXSourcesBuildPhase;
			buildActionMask = 2147483647;
			files = (
				5E76F88D231B96FA00C9F6AA /* ViewController.swift in Sources */,
				5E76F88B231B96FA00C9F6AA /* AppDelegate.swift in Sources */,
			);
			runOnlyForDeploymentPostprocessing = 0;
		};
/* End PBXSourcesBuildPhase section */

/* Begin PBXVariantGroup section */
		5E76F88E231B96FA00C9F6AA /* Main.storyboard */ = {
			isa = PBXVariantGroup;
			children = (
				5E76F88F231B96FA00C9F6AA /* Base */,
			);
			name = Main.storyboard;
			sourceTree = "<group>";
		};
		5E76F893231B96FA00C9F6AA /* LaunchScreen.storyboard */ = {
			isa = PBXVariantGroup;
			children = (
				5E76F894231B96FA00C9F6AA /* Base */,
			);
			name = LaunchScreen.storyboard;
			sourceTree = "<group>";
		};
/* End PBXVariantGroup section */

/* Begin XCBuildConfiguration section */
		5E76F897231B96FA00C9F6AA /* Debug */ = {
			isa = XCBuildConfiguration;
			buildSettings = {
				ALWAYS_SEARCH_USER_PATHS = NO;
				CLANG_ANALYZER_NONNULL = YES;
				CLANG_ANALYZER_NUMBER_OBJECT_CONVERSION = YES_AGGRESSIVE;
				CLANG_CXX_LANGUAGE_STANDARD = "gnu++14";
				CLANG_CXX_LIBRARY = "libc++";
				CLANG_ENABLE_MODULES = YES;
				CLANG_ENABLE_OBJC_ARC = YES;
				CLANG_ENABLE_OBJC_WEAK = YES;
				CLANG_WARN_BLOCK_CAPTURE_AUTORELEASING = YES;
				CLANG_WARN_BOOL_CONVERSION = YES;
				CLANG_WARN_COMMA = YES;
				CLANG_WARN_CONSTANT_CONVERSION = YES;
				CLANG_WARN_DEPRECATED_OBJC_IMPLEMENTATIONS = YES;
				CLANG_WARN_DIRECT_OBJC_ISA_USAGE = YES_ERROR;
				CLANG_WARN_DOCUMENTATION_COMMENTS = YES;
				CLANG_WARN_EMPTY_BODY = YES;
				CLANG_WARN_ENUM_CONVERSION = YES;
				CLANG_WARN_INFINITE_RECURSION = YES;
				CLANG_WARN_INT_CONVERSION = YES;
				CLANG_WARN_NON_LITERAL_NULL_CONVERSION = YES;
				CLANG_WARN_OBJC_IMPLICIT_RETAIN_SELF = YES;
				CLANG_WARN_OBJC_LITERAL_CONVERSION = YES;
				CLANG_WARN_OBJC_ROOT_CLASS = YES_ERROR;
				CLANG_WARN_RANGE_LOOP_ANALYSIS = YES;
				CLANG_WARN_STRICT_PROTOTYPES = YES;
				CLANG_WARN_SUSPICIOUS_MOVE = YES;
				CLANG_WARN_UNGUARDED_AVAILABILITY = YES_AGGRESSIVE;
				CLANG_WARN_UNREACHABLE_CODE = YES;
				CLANG_WARN__DUPLICATE_METHOD_MATCH = YES;
				CODE_SIGN_IDENTITY = "iPhone Developer";
				COPY_PHASE_STRIP = NO;
				DEBUG_INFORMATION_FORMAT = dwarf;
				ENABLE_STRICT_OBJC_MSGSEND = YES;
				ENABLE_TESTABILITY = YES;
				GCC_C_LANGUAGE_STANDARD = gnu11;
				GCC_DYNAMIC_NO_PIC = NO;
				GCC_NO_COMMON_BLOCKS = YES;
				GCC_OPTIMIZATION_LEVEL = 0;
				GCC_PREPROCESSOR_DEFINITIONS = (
					"DEBUG=1",
					"$(inherited)",
				);
				GCC_WARN_64_TO_32_BIT_CONVERSION = YES;
				GCC_WARN_ABOUT_RETURN_TYPE = YES_ERROR;
				GCC_WARN_UNDECLARED_SELECTOR = YES;
				GCC_WARN_UNINITIALIZED_AUTOS = YES_AGGRESSIVE;
				GCC_WARN_UNUSED_FUNCTION = YES;
				GCC_WARN_UNUSED_VARIABLE = YES;
				IPHONEOS_DEPLOYMENT_TARGET = 12.1;
				MTL_ENABLE_DEBUG_INFO = INCLUDE_SOURCE;
				MTL_FAST_MATH = YES;
				ONLY_ACTIVE_ARCH = YES;
				SDKROOT = iphoneos;
				SWIFT_ACTIVE_COMPILATION_CONDITIONS = DEBUG;
				SWIFT_OPTIMIZATION_LEVEL = "-Onone";
			};
			name = Debug;
		};
		5E76F898231B96FA00C9F6AA /* Release */ = {
			isa = XCBuildConfiguration;
			buildSettings = {
				ALWAYS_SEARCH_USER_PATHS = NO;
				CLANG_ANALYZER_NONNULL = YES;
				CLANG_ANALYZER_NUMBER_OBJECT_CONVERSION = YES_AGGRESSIVE;
				CLANG_CXX_LANGUAGE_STANDARD = "gnu++14";
				CLANG_CXX_LIBRARY = "libc++";
				CLANG_ENABLE_MODULES = YES;
				CLANG_ENABLE_OBJC_ARC = YES;
				CLANG_ENABLE_OBJC_WEAK = YES;
				CLANG_WARN_BLOCK_CAPTURE_AUTORELEASING = YES;
				CLANG_WARN_BOOL_CONVERSION = YES;
				CLANG_WARN_COMMA = YES;
				CLANG_WARN_CONSTANT_CONVERSION = YES;
				CLANG_WARN_DEPRECATED_OBJC_IMPLEMENTATIONS = YES;
				CLANG_WARN_DIRECT_OBJC_ISA_USAGE = YES_ERROR;
				CLANG_WARN_DOCUMENTATION_COMMENTS = YES;
				CLANG_WARN_EMPTY_BODY = YES;
				CLANG_WARN_ENUM_CONVERSION = YES;
				CLANG_WARN_INFINITE_RECURSION = YES;
				CLANG_WARN_INT_CONVERSION = YES;
				CLANG_WARN_NON_LITERAL_NULL_CONVERSION = YES;
				CLANG_WARN_OBJC_IMPLICIT_RETAIN_SELF = YES;
				CLANG_WARN_OBJC_LITERAL_CONVERSION = YES;
				CLANG_WARN_OBJC_ROOT_CLASS = YES_ERROR;
				CLANG_WARN_RANGE_LOOP_ANALYSIS = YES;
				CLANG_WARN_STRICT_PROTOTYPES = YES;
				CLANG_WARN_SUSPICIOUS_MOVE = YES;
				CLANG_WARN_UNGUARDED_AVAILABILITY = YES_AGGRESSIVE;
				CLANG_WARN_UNREACHABLE_CODE = YES;
				CLANG_WARN__DUPLICATE_METHOD_MATCH = YES;
				CODE_SIGN_IDENTITY = "iPhone Developer";
				COPY_PHASE_STRIP = NO;
				DEBUG_INFORMATION_FORMAT = "dwarf-with-dsym";
				ENABLE_NS_ASSERTIONS = NO;
				ENABLE_STRICT_OBJC_MSGSEND = YES;
				GCC_C_LANGUAGE_STANDARD = gnu11;
				GCC_NO_COMMON_BLOCKS = YES;
				GCC_WARN_64_TO_32_BIT_CONVERSION = YES;
				GCC_WARN_ABOUT_RETURN_TYPE = YES_ERROR;
				GCC_WARN_UNDECLARED_SELECTOR = YES;
				GCC_WARN_UNINITIALIZED_AUTOS = YES_AGGRESSIVE;
				GCC_WARN_UNUSED_FUNCTION = YES;
				GCC_WARN_UNUSED_VARIABLE = YES;
				IPHONEOS_DEPLOYMENT_TARGET = 12.1;
				MTL_ENABLE_DEBUG_INFO = NO;
				MTL_FAST_MATH = YES;
				SDKROOT = iphoneos;
				SWIFT_COMPILATION_MODE = wholemodule;
				SWIFT_OPTIMIZATION_LEVEL = "-O";
				VALIDATE_PRODUCT = YES;
			};
			name = Release;
		};
		5E76F89A231B96FA00C9F6AA /* Debug */ = {
			isa = XCBuildConfiguration;
			baseConfigurationReference = E40255398FFEDA73F8CF018E /* Pods-BranchAWS.debug.xcconfig */;
			buildSettings = {
				ASSETCATALOG_COMPILER_APPICON_NAME = AppIcon;
				CODE_SIGN_STYLE = Automatic;
				INFOPLIST_FILE = BranchAWS/Info.plist;
				LD_RUNPATH_SEARCH_PATHS = (
					"$(inherited)",
					"@executable_path/Frameworks",
				);
				PRODUCT_BUNDLE_IDENTIFIER = bla.BranchAWS;
				PRODUCT_NAME = "$(TARGET_NAME)";
				SWIFT_VERSION = 4.2;
				TARGETED_DEVICE_FAMILY = "1,2";
			};
			name = Debug;
		};
		5E76F89B231B96FA00C9F6AA /* Release */ = {
			isa = XCBuildConfiguration;
			baseConfigurationReference = C1315AEB48A29B80330A38E0 /* Pods-BranchAWS.release.xcconfig */;
			buildSettings = {
				ASSETCATALOG_COMPILER_APPICON_NAME = AppIcon;
				CODE_SIGN_STYLE = Automatic;
				INFOPLIST_FILE = BranchAWS/Info.plist;
				LD_RUNPATH_SEARCH_PATHS = (
					"$(inherited)",
					"@executable_path/Frameworks",
				);
				PRODUCT_BUNDLE_IDENTIFIER = bla.BranchAWS;
				PRODUCT_NAME = "$(TARGET_NAME)";
				SWIFT_VERSION = 4.2;
				TARGETED_DEVICE_FAMILY = "1,2";
			};
			name = Release;
		};
/* End XCBuildConfiguration section */

/* Begin XCConfigurationList section */
		5E76F882231B96FA00C9F6AA /* Build configuration list for PBXProject "BranchAWS" */ = {
			isa = XCConfigurationList;
			buildConfigurations = (
				5E76F897231B96FA00C9F6AA /* Debug */,
				5E76F898231B96FA00C9F6AA /* Release */,
			);
			defaultConfigurationIsVisible = 0;
			defaultConfigurationName = Release;
		};
		5E76F899231B96FA00C9F6AA /* Build configuration list for PBXNativeTarget "BranchAWS" */ = {
			isa = XCConfigurationList;
			buildConfigurations = (
				5E76F89A231B96FA00C9F6AA /* Debug */,
				5E76F89B231B96FA00C9F6AA /* Release */,
			);
			defaultConfigurationIsVisible = 0;
			defaultConfigurationName = Release;
		};
/* End XCConfigurationList section */
	};
	rootObject = 5E76F87F231B96FA00C9F6AA /* Project object */;
}
